{
  "name": "bootstrap-material-datetimepicker",
  "version": "2.7.1",
  "lockfileVersion": 3,
  "requires": true,
  "packages": {
    "": {
      "name": "bootstrap-material-datetimepicker",
      "version": "2.7.1",
      "dependencies": {
        "bootstrap": "~3.3.4",
        "bootstrap-material-design": "~0.3.0",
        "jquery": "1.12.3",
        "moment": "~2.10.2"
      }
    },
    "node_modules/bootstrap": {
      "version": "3.3.7",
      "resolved": "https://registry.npmjs.org/bootstrap/-/bootstrap-3.3.7.tgz",
      "integrity": "sha512-qcFaisBrcBhTFkz1IUnGDYnX6ZWfFzH8zOixUDtHW9Ip+r+7MfMFav2rzy7cIHc7rgIg7xjhWBoo1mS/U26j4g==",
      "license": "MIT",
      "engines": {
        "node": ">=0.10.1"
      }
    },
    "node_modules/bootstrap-material-design": {
      "version": "0.3.0",
      "resolved": "https://registry.npmjs.org/bootstrap-material-design/-/bootstrap-material-design-0.3.0.tgz",
      "integrity": "sha512-t8b285764/oQMQOUIGi+/0S2F6AWIWN3IqsTdp+lD8iQeHppgmloQRieWWXCpJ4GmGI2YOpoH6cNMVu4LVf73w==",
      "license": "https://github.com/FezVrasta/bootstrap-material-design/blob/master/LICENSE.md",
      "dependencies": {
        "bootstrap": ">=3.0",
        "jquery": ">=1.9.1"
      }
    },
    "node_modules/jquery": {
      "version": "1.12.3",
      "resolved": "https://registry.npmjs.org/jquery/-/jquery-1.12.3.tgz",
      "integrity": "sha512-FzM42/Ew+Hb8ha2OlhHRBLgWIZS32gZ0+NvWTf+ZvVvGaIlJkOiXQyb7VBjv4L6fJfmTrRf3EsAmbfsHDhfemw==",
      "license": "MIT"
    },
    "node_modules/moment": {
      "version": "2.10.6",
      "resolved": "https://registry.npmjs.org/moment/-/moment-2.10.6.tgz",
      "integrity": "sha512-Tqzz/uADMAPuqWA7iE0eMCJHhDqGuRpiwUSokCT3144wCsjeTHwzbgJY62GAvt3ax8bI8tDugD2oaMQXvJ9tBA==",
      "license": "MIT",
      "engines": {
        "node": "*"
      }
    }
  }
}
